
Microsoft Visual Studio Solution File, Format Version 12.00
Project("{2150E333-8FDC-42A3-9474-1A3956D46DE8}") = "src", "src", "{827E0CD3-B72D-47B6-A68D-7590B98EB39B}"
EndProject
Project("{FAE04EC0-301F-11D3-BF4B-00C04F79EFBC}") = "Dfe.Cms.Domain", "src\Dfe.Cms.Domain\Dfe.Cms.Domain.csproj", "{405C93DB-34E0-424F-B972-1A9DAA03DAB6}"
EndProject
Project("{FAE04EC0-301F-11D3-BF4B-00C04F79EFBC}") = "Dfe.Cms.Application", "src\Dfe.Cms.Application\Dfe.Cms.Application.csproj", "{14B16818-6461-479A-BE04-F065402D60C4}"
EndProject
Project("{FAE04EC0-301F-11D3-BF4B-00C04F79EFBC}") = "Dfe.Cms.Infrastructure", "src\Dfe.Cms.Infrastructure\Dfe.Cms.Infrastructure.csproj", "{568986B8-2F42-44BA-B100-1B36A439558E}"
EndProject
Project("{FAE04EC0-301F-11D3-BF4B-00C04F79EFBC}") = "Dfe.Cms.Web.Admin", "src\Dfe.Cms.Web.Admin\Dfe.Cms.Web.Admin.csproj", "{AD2206E7-3EC3-4775-BEEA-1033C454FCCA}"
EndProject
Project("{FAE04EC0-301F-11D3-BF4B-00C04F79EFBC}") = "Dfe.Cms.Web.DemoSite", "src\Dfe.Cms.Web.DemoSite\Dfe.Cms.Web.DemoSite.csproj", "{EC4C68C7-F7E4-4D21-978B-4CDD6D1BA32F}"
EndProject
Project("{2150E333-8FDC-42A3-9474-1A3956D46DE8}") = "tests", "tests", "{0AB3BF05-4346-4AA6-1389-037BE0695223}"
EndProject
Project("{FAE04EC0-301F-11D3-BF4B-00C04F79EFBC}") = "Dfe.Cms.Domain.Tests", "tests\Dfe.Cms.Domain.Tests\Dfe.Cms.Domain.Tests.csproj", "{136EDBFC-A784-4104-84BD-22B2D898A427}"
EndProject
Project("{FAE04EC0-301F-11D3-BF4B-00C04F79EFBC}") = "Dfe.Cms.Application.Tests", "tests\Dfe.Cms.Application.Tests\Dfe.Cms.Application.Tests.csproj", "{B25FB47F-E85E-4CCD-A25B-A903B405AB0D}"
EndProject
Project("{FAE04EC0-301F-11D3-BF4B-00C04F79EFBC}") = "Dfe.Cms.Infrastructure.Tests", "tests\Dfe.Cms.Infrastructure.Tests\Dfe.Cms.Infrastructure.Tests.csproj", "{875F355A-620D-4652-A3AD-CA67B1CA5C78}"
EndProject
Project("{FAE04EC0-301F-11D3-BF4B-00C04F79EFBC}") = "Dfe.Cms.Web.Admin.Tests", "tests\Dfe.Cms.Web.Admin.Tests\Dfe.Cms.Web.Admin.Tests.csproj", "{C6A6AAC2-27B4-4A98-A623-4422A2B68CF0}"
EndProject
Project("{FAE04EC0-301F-11D3-BF4B-00C04F79EFBC}") = "Dfe.Cms.Web.DemoSite.Tests", "tests\Dfe.Cms.Web.DemoSite.Tests\Dfe.Cms.Web.DemoSite.Tests.csproj", "{C4ED7BF8-682F-42AF-A85A-0BCD9FD73016}"
EndProject
Global
	GlobalSection(SolutionConfigurationPlatforms) = preSolution
		Debug|Any CPU = Debug|Any CPU
		Debug|x64 = Debug|x64
		Debug|x86 = Debug|x86
		Release|Any CPU = Release|Any CPU
		Release|x64 = Release|x64
		Release|x86 = Release|x86
	EndGlobalSection
	GlobalSection(ProjectConfigurationPlatforms) = postSolution
		{405C93DB-34E0-424F-B972-1A9DAA03DAB6}.Debug|Any CPU.ActiveCfg = Debug|Any CPU
		{405C93DB-34E0-424F-B972-1A9DAA03DAB6}.Debug|Any CPU.Build.0 = Debug|Any CPU
		{405C93DB-34E0-424F-B972-1A9DAA03DAB6}.Debug|x64.ActiveCfg = Debug|Any CPU
		{405C93DB-34E0-424F-B972-1A9DAA03DAB6}.Debug|x64.Build.0 = Debug|Any CPU
		{405C93DB-34E0-424F-B972-1A9DAA03DAB6}.Debug|x86.ActiveCfg = Debug|Any CPU
		{405C93DB-34E0-424F-B972-1A9DAA03DAB6}.Debug|x86.Build.0 = Debug|Any CPU
		{405C93DB-34E0-424F-B972-1A9DAA03DAB6}.Release|Any CPU.ActiveCfg = Release|Any CPU
		{405C93DB-34E0-424F-B972-1A9DAA03DAB6}.Release|Any CPU.Build.0 = Release|Any CPU
		{405C93DB-34E0-424F-B972-1A9DAA03DAB6}.Release|x64.ActiveCfg = Release|Any CPU
		{405C93DB-34E0-424F-B972-1A9DAA03DAB6}.Release|x64.Build.0 = Release|Any CPU
		{405C93DB-34E0-424F-B972-1A9DAA03DAB6}.Release|x86.ActiveCfg = Release|Any CPU
		{405C93DB-34E0-424F-B972-1A9DAA03DAB6}.Release|x86.Build.0 = Release|Any CPU
		{14B16818-6461-479A-BE04-F065402D60C4}.Debug|Any CPU.ActiveCfg = Debug|Any CPU
		{14B16818-6461-479A-BE04-F065402D60C4}.Debug|Any CPU.Build.0 = Debug|Any CPU
		{14B16818-6461-479A-BE04-F065402D60C4}.Debug|x64.ActiveCfg = Debug|Any CPU
		{14B16818-6461-479A-BE04-F065402D60C4}.Debug|x64.Build.0 = Debug|Any CPU
		{14B16818-6461-479A-BE04-F065402D60C4}.Debug|x86.ActiveCfg = Debug|Any CPU
		{14B16818-6461-479A-BE04-F065402D60C4}.Debug|x86.Build.0 = Debug|Any CPU
		{14B16818-6461-479A-BE04-F065402D60C4}.Release|Any CPU.ActiveCfg = Release|Any CPU
		{14B16818-6461-479A-BE04-F065402D60C4}.Release|Any CPU.Build.0 = Release|Any CPU
		{14B16818-6461-479A-BE04-F065402D60C4}.Release|x64.ActiveCfg = Release|Any CPU
		{14B16818-6461-479A-BE04-F065402D60C4}.Release|x64.Build.0 = Release|Any CPU
		{14B16818-6461-479A-BE04-F065402D60C4}.Release|x86.ActiveCfg = Release|Any CPU
		{14B16818-6461-479A-BE04-F065402D60C4}.Release|x86.Build.0 = Release|Any CPU
		{568986B8-2F42-44BA-B100-1B36A439558E}.Debug|Any CPU.ActiveCfg = Debug|Any CPU
		{568986B8-2F42-44BA-B100-1B36A439558E}.Debug|Any CPU.Build.0 = Debug|Any CPU
		{568986B8-2F42-44BA-B100-1B36A439558E}.Debug|x64.ActiveCfg = Debug|Any CPU
		{568986B8-2F42-44BA-B100-1B36A439558E}.Debug|x64.Build.0 = Debug|Any CPU
		{568986B8-2F42-44BA-B100-1B36A439558E}.Debug|x86.ActiveCfg = Debug|Any CPU
		{568986B8-2F42-44BA-B100-1B36A439558E}.Debug|x86.Build.0 = Debug|Any CPU
		{568986B8-2F42-44BA-B100-1B36A439558E}.Release|Any CPU.ActiveCfg = Release|Any CPU
		{568986B8-2F42-44BA-B100-1B36A439558E}.Release|Any CPU.Build.0 = Release|Any CPU
		{568986B8-2F42-44BA-B100-1B36A439558E}.Release|x64.ActiveCfg = Release|Any CPU
		{568986B8-2F42-44BA-B100-1B36A439558E}.Release|x64.Build.0 = Release|Any CPU
		{568986B8-2F42-44BA-B100-1B36A439558E}.Release|x86.ActiveCfg = Release|Any CPU
		{568986B8-2F42-44BA-B100-1B36A439558E}.Release|x86.Build.0 = Release|Any CPU
		{AD2206E7-3EC3-4775-BEEA-1033C454FCCA}.Debug|Any CPU.ActiveCfg = Debug|Any CPU
		{AD2206E7-3EC3-4775-BEEA-1033C454FCCA}.Debug|Any CPU.Build.0 = Debug|Any CPU
		{AD2206E7-3EC3-4775-BEEA-1033C454FCCA}.Debug|x64.ActiveCfg = Debug|Any CPU
		{AD2206E7-3EC3-4775-BEEA-1033C454FCCA}.Debug|x64.Build.0 = Debug|Any CPU
		{AD2206E7-3EC3-4775-BEEA-1033C454FCCA}.Debug|x86.ActiveCfg = Debug|Any CPU
		{AD2206E7-3EC3-4775-BEEA-1033C454FCCA}.Debug|x86.Build.0 = Debug|Any CPU
		{AD2206E7-3EC3-4775-BEEA-1033C454FCCA}.Release|Any CPU.ActiveCfg = Release|Any CPU
		{AD2206E7-3EC3-4775-BEEA-1033C454FCCA}.Release|Any CPU.Build.0 = Release|Any CPU
		{AD2206E7-3EC3-4775-BEEA-1033C454FCCA}.Release|x64.ActiveCfg = Release|Any CPU
		{AD2206E7-3EC3-4775-BEEA-1033C454FCCA}.Release|x64.Build.0 = Release|Any CPU
		{AD2206E7-3EC3-4775-BEEA-1033C454FCCA}.Release|x86.ActiveCfg = Release|Any CPU
		{AD2206E7-3EC3-4775-BEEA-1033C454FCCA}.Release|x86.Build.0 = Release|Any CPU
		{EC4C68C7-F7E4-4D21-978B-4CDD6D1BA32F}.Debug|Any CPU.ActiveCfg = Debug|Any CPU
		{EC4C68C7-F7E4-4D21-978B-4CDD6D1BA32F}.Debug|Any CPU.Build.0 = Debug|Any CPU
		{EC4C68C7-F7E4-4D21-978B-4CDD6D1BA32F}.Debug|x64.ActiveCfg = Debug|Any CPU
		{EC4C68C7-F7E4-4D21-978B-4CDD6D1BA32F}.Debug|x64.Build.0 = Debug|Any CPU
		{EC4C68C7-F7E4-4D21-978B-4CDD6D1BA32F}.Debug|x86.ActiveCfg = Debug|Any CPU
		{EC4C68C7-F7E4-4D21-978B-4CDD6D1BA32F}.Debug|x86.Build.0 = Debug|Any CPU
		{EC4C68C7-F7E4-4D21-978B-4CDD6D1BA32F}.Release|Any CPU.ActiveCfg = Release|Any CPU
		{EC4C68C7-F7E4-4D21-978B-4CDD6D1BA32F}.Release|Any CPU.Build.0 = Release|Any CPU
		{EC4C68C7-F7E4-4D21-978B-4CDD6D1BA32F}.Release|x64.ActiveCfg = Release|Any CPU
		{EC4C68C7-F7E4-4D21-978B-4CDD6D1BA32F}.Release|x64.Build.0 = Release|Any CPU
		{EC4C68C7-F7E4-4D21-978B-4CDD6D1BA32F}.Release|x86.ActiveCfg = Release|Any CPU
		{EC4C68C7-F7E4-4D21-978B-4CDD6D1BA32F}.Release|x86.Build.0 = Release|Any CPU
		{136EDBFC-A784-4104-84BD-22B2D898A427}.Debug|Any CPU.ActiveCfg = Debug|Any CPU
		{136EDBFC-A784-4104-84BD-22B2D898A427}.Debug|Any CPU.Build.0 = Debug|Any CPU
		{136EDBFC-A784-4104-84BD-22B2D898A427}.Debug|x64.ActiveCfg = Debug|Any CPU
		{136EDBFC-A784-4104-84BD-22B2D898A427}.Debug|x64.Build.0 = Debug|Any CPU
		{136EDBFC-A784-4104-84BD-22B2D898A427}.Debug|x86.ActiveCfg = Debug|Any CPU
		{136EDBFC-A784-4104-84BD-22B2D898A427}.Debug|x86.Build.0 = Debug|Any CPU
		{136EDBFC-A784-4104-84BD-22B2D898A427}.Release|Any CPU.ActiveCfg = Release|Any CPU
		{136EDBFC-A784-4104-84BD-22B2D898A427}.Release|Any CPU.Build.0 = Release|Any CPU
		{136EDBFC-A784-4104-84BD-22B2D898A427}.Release|x64.ActiveCfg = Release|Any CPU
		{136EDBFC-A784-4104-84BD-22B2D898A427}.Release|x64.Build.0 = Release|Any CPU
		{136EDBFC-A784-4104-84BD-22B2D898A427}.Release|x86.ActiveCfg = Release|Any CPU
		{136EDBFC-A784-4104-84BD-22B2D898A427}.Release|x86.Build.0 = Release|Any CPU
		{B25FB47F-E85E-4CCD-A25B-A903B405AB0D}.Debug|Any CPU.ActiveCfg = Debug|Any CPU
		{B25FB47F-E85E-4CCD-A25B-A903B405AB0D}.Debug|Any CPU.Build.0 = Debug|Any CPU
		{B25FB47F-E85E-4CCD-A25B-A903B405AB0D}.Debug|x64.ActiveCfg = Debug|Any CPU
		{B25FB47F-E85E-4CCD-A25B-A903B405AB0D}.Debug|x64.Build.0 = Debug|Any CPU
		{B25FB47F-E85E-4CCD-A25B-A903B405AB0D}.Debug|x86.ActiveCfg = Debug|Any CPU
		{B25FB47F-E85E-4CCD-A25B-A903B405AB0D}.Debug|x86.Build.0 = Debug|Any CPU
		{B25FB47F-E85E-4CCD-A25B-A903B405AB0D}.Release|Any CPU.ActiveCfg = Release|Any CPU
		{B25FB47F-E85E-4CCD-A25B-A903B405AB0D}.Release|Any CPU.Build.0 = Release|Any CPU
		{B25FB47F-E85E-4CCD-A25B-A903B405AB0D}.Release|x64.ActiveCfg = Release|Any CPU
		{B25FB47F-E85E-4CCD-A25B-A903B405AB0D}.Release|x64.Build.0 = Release|Any CPU
		{B25FB47F-E85E-4CCD-A25B-A903B405AB0D}.Release|x86.ActiveCfg = Release|Any CPU
		{B25FB47F-E85E-4CCD-A25B-A903B405AB0D}.Release|x86.Build.0 = Release|Any CPU
		{875F355A-620D-4652-A3AD-CA67B1CA5C78}.Debug|Any CPU.ActiveCfg = Debug|Any CPU
		{875F355A-620D-4652-A3AD-CA67B1CA5C78}.Debug|Any CPU.Build.0 = Debug|Any CPU
		{875F355A-620D-4652-A3AD-CA67B1CA5C78}.Debug|x64.ActiveCfg = Debug|Any CPU
		{875F355A-620D-4652-A3AD-CA67B1CA5C78}.Debug|x64.Build.0 = Debug|Any CPU
		{875F355A-620D-4652-A3AD-CA67B1CA5C78}.Debug|x86.ActiveCfg = Debug|Any CPU
		{875F355A-620D-4652-A3AD-CA67B1CA5C78}.Debug|x86.Build.0 = Debug|Any CPU
		{875F355A-620D-4652-A3AD-CA67B1CA5C78}.Release|Any CPU.ActiveCfg = Release|Any CPU
		{875F355A-620D-4652-A3AD-CA67B1CA5C78}.Release|Any CPU.Build.0 = Release|Any CPU
		{875F355A-620D-4652-A3AD-CA67B1CA5C78}.Release|x64.ActiveCfg = Release|Any CPU
		{875F355A-620D-4652-A3AD-CA67B1CA5C78}.Release|x64.Build.0 = Release|Any CPU
		{875F355A-620D-4652-A3AD-CA67B1CA5C78}.Release|x86.ActiveCfg = Release|Any CPU
		{875F355A-620D-4652-A3AD-CA67B1CA5C78}.Release|x86.Build.0 = Release|Any CPU
		{C6A6AAC2-27B4-4A98-A623-4422A2B68CF0}.Debug|Any CPU.ActiveCfg = Debug|Any CPU
		{C6A6AAC2-27B4-4A98-A623-4422A2B68CF0}.Debug|Any CPU.Build.0 = Debug|Any CPU
		{C6A6AAC2-27B4-4A98-A623-4422A2B68CF0}.Debug|x64.ActiveCfg = Debug|Any CPU
		{C6A6AAC2-27B4-4A98-A623-4422A2B68CF0}.Debug|x64.Build.0 = Debug|Any CPU
		{C6A6AAC2-27B4-4A98-A623-4422A2B68CF0}.Debug|x86.ActiveCfg = Debug|Any CPU
		{C6A6AAC2-27B4-4A98-A623-4422A2B68CF0}.Debug|x86.Build.0 = Debug|Any CPU
		{C6A6AAC2-27B4-4A98-A623-4422A2B68CF0}.Release|Any CPU.ActiveCfg = Release|Any CPU
		{C6A6AAC2-27B4-4A98-A623-4422A2B68CF0}.Release|Any CPU.Build.0 = Release|Any CPU
		{C6A6AAC2-27B4-4A98-A623-4422A2B68CF0}.Release|x64.ActiveCfg = Release|Any CPU
		{C6A6AAC2-27B4-4A98-A623-4422A2B68CF0}.Release|x64.Build.0 = Release|Any CPU
		{C6A6AAC2-27B4-4A98-A623-4422A2B68CF0}.Release|x86.ActiveCfg = Release|Any CPU
		{C6A6AAC2-27B4-4A98-A623-4422A2B68CF0}.Release|x86.Build.0 = Release|Any CPU
		{C4ED7BF8-682F-42AF-A85A-0BCD9FD73016}.Debug|Any CPU.ActiveCfg = Debug|Any CPU
		{C4ED7BF8-682F-42AF-A85A-0BCD9FD73016}.Debug|Any CPU.Build.0 = Debug|Any CPU
		{C4ED7BF8-682F-42AF-A85A-0BCD9FD73016}.Debug|x64.ActiveCfg = Debug|Any CPU
		{C4ED7BF8-682F-42AF-A85A-0BCD9FD73016}.Debug|x64.Build.0 = Debug|Any CPU
		{C4ED7BF8-682F-42AF-A85A-0BCD9FD73016}.Debug|x86.ActiveCfg = Debug|Any CPU
		{C4ED7BF8-682F-42AF-A85A-0BCD9FD73016}.Debug|x86.Build.0 = Debug|Any CPU
		{C4ED7BF8-682F-42AF-A85A-0BCD9FD73016}.Release|Any CPU.ActiveCfg = Release|Any CPU
		{C4ED7BF8-682F-42AF-A85A-0BCD9FD73016}.Release|Any CPU.Build.0 = Release|Any CPU
		{C4ED7BF8-682F-42AF-A85A-0BCD9FD73016}.Release|x64.ActiveCfg = Release|Any CPU
		{C4ED7BF8-682F-42AF-A85A-0BCD9FD73016}.Release|x64.Build.0 = Release|Any CPU
		{C4ED7BF8-682F-42AF-A85A-0BCD9FD73016}.Release|x86.ActiveCfg = Release|Any CPU
		{C4ED7BF8-682F-42AF-A85A-0BCD9FD73016}.Release|x86.Build.0 = Release|Any CPU
	EndGlobalSection
	GlobalSection(SolutionProperties) = preSolution
		HideSolutionNode = FALSE
	EndGlobalSection
	GlobalSection(NestedProjects) = preSolution
		{405C93DB-34E0-424F-B972-1A9DAA03DAB6} = {827E0CD3-B72D-47B6-A68D-7590B98EB39B}
		{14B16818-6461-479A-BE04-F065402D60C4} = {827E0CD3-B72D-47B6-A68D-7590B98EB39B}
		{568986B8-2F42-44BA-B100-1B36A439558E} = {827E0CD3-B72D-47B6-A68D-7590B98EB39B}
		{AD2206E7-3EC3-4775-BEEA-1033C454FCCA} = {827E0CD3-B72D-47B6-A68D-7590B98EB39B}
		{EC4C68C7-F7E4-4D21-978B-4CDD6D1BA32F} = {827E0CD3-B72D-47B6-A68D-7590B98EB39B}
		{136EDBFC-A784-4104-84BD-22B2D898A427} = {0AB3BF05-4346-4AA6-1389-037BE0695223}
		{B25FB47F-E85E-4CCD-A25B-A903B405AB0D} = {0AB3BF05-4346-4AA6-1389-037BE0695223}
		{875F355A-620D-4652-A3AD-CA67B1CA5C78} = {0AB3BF05-4346-4AA6-1389-037BE0695223}
		{C6A6AAC2-27B4-4A98-A623-4422A2B68CF0} = {0AB3BF05-4346-4AA6-1389-037BE0695223}
		{C4ED7BF8-682F-42AF-A85A-0BCD9FD73016} = {0AB3BF05-4346-4AA6-1389-037BE0695223}
	EndGlobalSection
EndGlobal
